
Microsoft Visual Studio Solution File, Format Version 12.00
# Visual Studio Version 17
VisualStudioVersion = 17.1.32210.238
MinimumVisualStudioVersion = 10.0.40219.1
Project("{FAE04EC0-301F-11D3-BF4B-00C04F79EFBC}") = "Task5", "Task5\Task5.csproj", "{C5A8736C-E217-4B8E-9533-348448BF4E2C}"
EndProject
Global
	GlobalSection(SolutionConfigurationPlatforms) = preSolution
		Debug|Any CPU = Debug|Any CPU
		Release|Any CPU = Release|Any CPU
	EndGlobalSection
	GlobalSection(ProjectConfigurationPlatforms) = postSolution
		{C5A8736C-E217-4B8E-9533-348448BF4E2C}.Debug|Any CPU.ActiveCfg = Debug|Any CPU
		{C5A8736C-E217-4B8E-9533-348448BF4E2C}.Debug|Any CPU.Build.0 = Debug|Any CPU
		{C5A8736C-E217-4B8E-9533-348448BF4E2C}.Release|Any CPU.ActiveCfg = Release|Any CPU
		{C5A8736C-E217-4B8E-9533-348448BF4E2C}.Release|Any CPU.Build.0 = Release|Any CPU
	EndGlobalSection
	GlobalSection(SolutionProperties) = preSolution
		HideSolutionNode = FALSE
	EndGlobalSection
	GlobalSection(ExtensibilityGlobals) = postSolution
		SolutionGuid = {FFD901DF-8E0B-4ACB-884F-33586921124F}
	EndGlobalSection
EndGlobal
